Data Science RabbitMQ Neural Networks Happiness is not something ready made. It comes from your own actions. Lambda Functions Load Balancing Cache Invalidation Frontend Multi-threading Machine Learning Latency Optimization
I find that the harder I work, the more luck I seem to have. Testing Work hard in silence, let your success be your noise. Serverless Success usually comes to those who are too busy to be looking for it. If you can dream it, you can do it. OAuth DevOps Cloud Functions Replica Set Virtual Machines JavaScript Agile Deployment NLP
Do what you love and the money will follow. IoT Pull Request Lambda Functions I find that the harder I work, the more luck I seem to have. DevOps Database Indexing Act as if what you do makes a difference. It does. API Gateway Event Sourcing Quantum Computing If you can dream it, you can do it. GraphQL
Kubernetes Cache Invalidation Neural Networks I find that the harder I work, the more luck I seem to have. Database Indexing
Zero Downtime Deployment Kubernetes Event-driven Architecture Great things never come from comfort zones. Do what you love and the money will follow.
Database Indexing Big Data Algorithm Multi-threading Machine Learning Sharding
DevOps Containerization Python Data Science Cloud Scalability Distributed Systems CI/CD The only way to do great work is to love what you do. Microservices UX Optimization Load Balancing Code Review GraphQL Do what you love and the money will follow.
Security Edge Computing Success is how high you bounce when you hit bottom. GraphQL Dream big and dare to fail. JavaScript Do what you love and the money will follow. Virtual Machines
DevOps Optimization RabbitMQ Docker Predictive Analytics Machine Learning Simplicity is the ultimate sophistication. Success doesn’t just find you. You have to go out and get it. Deployment Cloud Data Pipeline Monitoring
