Data Science RabbitMQ Neural Networks Happiness is not something ready made. It comes from your own actions. Lambda Functions Load Balancing Cache Invalidation Frontend Multi-threading Machine Learning Latency Optimization
I find that the harder I work, the more luck I seem to have. Testing Work hard in silence, let your success be your noise. Serverless Success usually comes to those who are too busy to be looking for it. If you can dream it, you can do it. OAuth DevOps Cloud Functions Replica Set Virtual Machines JavaScript Agile Deployment NLP
Do what you love and the money will follow. IoT Pull Request Lambda Functions I find that the harder I work, the more luck I seem to have. DevOps Database Indexing Act as if what you do makes a difference. It does. API Gateway Event Sourcing Quantum Computing If you can dream it, you can do it. GraphQL
Kubernetes Cache Invalidation Neural Networks I find that the harder I work, the more luck I seem to have. Database Indexing
Zero Downtime Deployment Kubernetes Event-driven Architecture Great things never come from comfort zones. Do what you love and the money will follow.
Database Indexing Big Data Algorithm Multi-threading Machine Learning Sharding
DevOps Containerization Python Data Science Cloud Scalability Distributed Systems CI/CD The only way to do great work is to love what you do. Microservices UX Optimization Load Balancing Code Review GraphQL Do what you love and the money will follow.
Security Edge Computing Success is how high you bounce when you hit bottom. GraphQL Dream big and dare to fail. JavaScript Do what you love and the money will follow. Virtual Machines
DevOps Optimization RabbitMQ Docker Predictive Analytics Machine Learning Simplicity is the ultimate sophistication. Success doesn’t just find you. You have to go out and get it. Deployment Cloud Data Pipeline Monitoring
Security Message Queue React API Logging Sharding Content Delivery Network Python To be the best, you must be able to handle the worst. Distributed Systems UX Optimization IoT
NLP Scalability Pull Request Cache Invalidation Monitoring Serverless To be the best, you must be able to handle the worst. Edge Computing JWT Virtual Machines Code Review Machine Learning Version Control Performance
Quantum Computing Version Control IoT Kubernetes Logging Neural Networks Docker Testing Lambda Functions Backend API Gateway NLP
Load Testing Backend Machine Learning Big Data GraphQL Automation Zero Downtime Deployment The only way to do great work is to love what you do. IoT Python Quantum Computing Neural Networks Success doesn’t just find you. You have to go out and get it.
OAuth Container Orchestration WebSockets UX Optimization Algorithm Success is not in what you have, but who you are. Security Optimization
Scalability Testing Multi-threading The only way to do great work is to love what you do. Logging DNS Routing Microservices Great things never come from comfort zones. UX Optimization Load Balancing I find that the harder I work, the more luck I seem to have. Backend
Success is how high you bounce when you hit bottom. Version Control Simplicity is the ultimate sophistication. NLP Cloud
Code Review Happiness is not something ready made. It comes from your own actions. Don't be afraid to give up the good to go for the great. Message Queue Edge Computing API Deployment Neural Networks Simplicity is the ultimate sophistication. UX Optimization Success is not in what you have, but who you are. Artificial Intelligence Serverless
Cloud Functions Parallel Processing Success is how high you bounce when you hit bottom. DNS Routing Container Orchestration Do what you love and the money will follow.
Success is not in what you have, but who you are. CI/CD Latency Optimization Stay hungry, stay foolish. Big Data I find that the harder I work, the more luck I seem to have. Sharding Performance Version Control Framework Docker
UX Optimization Do what you love and the money will follow. Sharding Content Delivery Network Firewalls Success is how high you bounce when you hit bottom. Algorithm Framework Kubernetes
Data Pipeline API Pull Request Difficult roads often lead to beautiful destinations. Microservices Opportunities don't happen. You create them. Lambda Functions Replica Set Neural Networks The only way to do great work is to love what you do.
Distributed Systems Lambda Functions WebSockets Agile Docker Load Testing OAuth JWT
Do what you love and the money will follow. Data Pipeline Predictive Analytics Machine Learning Distributed Systems NLP JWT Difficult roads often lead to beautiful destinations. Parallel Processing Container Orchestration I find that the harder I work, the more luck I seem to have. Serverless Success usually comes to those who are too busy to be looking for it. A/B Testing Act as if what you do makes a difference. It does.
