Data Science RabbitMQ Neural Networks Happiness is not something ready made. It comes from your own actions. Lambda Functions Load Balancing Cache Invalidation Frontend Multi-threading Machine Learning Latency Optimization
I find that the harder I work, the more luck I seem to have. Testing Work hard in silence, let your success be your noise. Serverless Success usually comes to those who are too busy to be looking for it. If you can dream it, you can do it. OAuth DevOps Cloud Functions Replica Set Virtual Machines JavaScript Agile Deployment NLP
